{
  "version": 1,
  "dependencies": {
    "net8.0": {
      "coverlet.collector": {
        "type": "Direct",
        "requested": "[6.0.*, )",
        "resolved": "6.0.4",
        "contentHash": "lkhqpF8Pu2Y7IiN7OntbsTtdbpR1syMsm2F3IgX6ootA4ffRqWL5jF7XipHuZQTdVuWG/gVAAcf8mjk8Tz0xPg=="
      },
      "TUnit": {
        "type": "Direct",
        "requested": "[0.6.151, )",
        "resolved": "0.6.151",
        "contentHash": "wLVcN4KqitsDGE3pBVMx6djGjD+MGOtUJeBN1Kcbi6of9CcDnbhk2h+LlrTCq/FRHCO7V3IiGwq9ihHxczN9Zg==",
        "dependencies": {
          "TUnit.Assertions": "0.6.151",
          "TUnit.Engine": "0.6.151"
        }
      },
      "EnumerableAsyncProcessor": {
        "type": "Transitive",
        "resolved": "2.0.6",
        "contentHash": "aBVYAcgpc/SODIXmXbWU2ua0Y03G5NYJL3pDl4Q6Tqjv6579vQCaK0LIwKDtIVVHU9Q26eZzZOT8GVcC1bZAiQ=="
      },
      "Microsoft.Testing.Extensions.TrxReport.Abstractions": {
        "type": "Transitive",
        "resolved": "1.4.3",
        "contentHash": "16sWznD6ZMok/zgW+vrO6zerCFMD9N+ey9bi1iV/e9xxsQb4V4y/aW6cY/Y7E9jA7pc+aZ6ffZby43yxQOoYZA==",
        "dependencies": {
          "Microsoft.Testing.Platform": "1.4.3"
        }
      },
      "Microsoft.Testing.Platform": {
        "type": "Transitive",
        "resolved": "1.4.3",
        "contentHash": "NedIbwl1T7+ZMeg7gwk0Db8/RFLf0siyVpeTcRMMOle6Xl/ujaYOM4Aduo8rEfVqNj3kcQ7blegpyT3dHi+0PA=="
      },
      "Microsoft.Testing.Platform.MSBuild": {
        "type": "Transitive",
        "resolved": "1.4.3",
        "contentHash": "1gGqgHtiZ6tZn/6Tby+qlKpNe5Ye/5LnxlSsyl4XMZ4m4V+Cu1K1m+gD1zxoxHIvLjgX8mCnQRK95MGBBFuumw==",
        "dependencies": {
          "Microsoft.Testing.Platform": "1.4.3"
        }
      },
      "TUnit.Assertions": {
        "type": "Transitive",
        "resolved": "0.6.151",
        "contentHash": "V24v6Jl73bsweaeRs/4MPn0gHl7+ktbGAfXj01q+d8uvdCC8t9rsJ7NAqlCXKA/3ODFhfSrJJPso2OiQldTZxA=="
      },
      "TUnit.Core": {
        "type": "Transitive",
        "resolved": "0.6.151",
        "contentHash": "dh1R6GMrrWknVKauCWFiugkq3dNVGaNA5t6nbLI0tCy2K2z8V6HvraqVeEDjpN4WpuzElEIzdegYoNob3QPenA=="
      },
      "TUnit.Engine": {
        "type": "Transitive",
        "resolved": "0.6.151",
        "contentHash": "f3RwMDUUZ4GT3UC9ZLS4B73z/1MPyiL7BDRnVwdBmvq9fUrawptcGrLGpIJBDvAQb0Efb3INP6WhPtfJVr1Kjw==",
        "dependencies": {
          "EnumerableAsyncProcessor": "2.0.6",
          "Microsoft.Testing.Extensions.TrxReport.Abstractions": "1.4.3",
          "Microsoft.Testing.Platform": "1.4.3",
          "Microsoft.Testing.Platform.MSBuild": "1.4.3",
          "TUnit.Core": "0.6.151"
        }
      },
      "extensions": {
        "type": "Project"
      }
    }
  }
}